
Microsoft Visual Studio Solution File, Format Version 12.00
# Visual Studio Version 17
VisualStudioVersion = 17.3.32922.545
MinimumVisualStudioVersion = 10.0.40219.1
Project("{FAE04EC0-301F-11D3-BF4B-00C04F79EFBC}") = "Calc", "Calc.csproj", "{01DDCCC1-DA5C-4F52-969A-AE23E152AEE3}"
EndProject
Global
	GlobalSection(SolutionConfigurationPlatforms) = preSolution
		Debug|Any CPU = Debug|Any CPU
		Release|Any CPU = Release|Any CPU
	EndGlobalSection
	GlobalSection(ProjectConfigurationPlatforms) = postSolution
		{01DDCCC1-DA5C-4F52-969A-AE23E152AEE3}.Debug|Any CPU.ActiveCfg = Debug|Any CPU
		{01DDCCC1-DA5C-4F52-969A-AE23E152AEE3}.Debug|Any CPU.Build.0 = Debug|Any CPU
		{01DDCCC1-DA5C-4F52-969A-AE23E152AEE3}.Release|Any CPU.ActiveCfg = Release|Any CPU
		{01DDCCC1-DA5C-4F52-969A-AE23E152AEE3}.Release|Any CPU.Build.0 = Release|Any CPU
	EndGlobalSection
	GlobalSection(SolutionProperties) = preSolution
		HideSolutionNode = FALSE
	EndGlobalSection
	GlobalSection(ExtensibilityGlobals) = postSolution
		SolutionGuid = {D02DAB6C-45B6-48CF-9E46-E65D8FE0BC03}
	EndGlobalSection
EndGlobal
